// !$*UTF8*$!
{
	archiveVersion = 1;
	classes = {
	};
	objectVersion = 50;
	objects = {

/* Begin PBXBuildFile section */
		913384212105C48B00E20BC2 /* AppDelegate.swift in Sources */ = {isa = PBXBuildFile; fileRef = 913384202105C48B00E20BC2 /* AppDelegate.swift */; };
		913384232105C48B00E20BC2 /* ViewController.swift in Sources */ = {isa = PBXBuildFile; fileRef = 913384222105C48B00E20BC2 /* ViewController.swift */; };
		913384262105C48B00E20BC2 /* Main.storyboard in Resources */ = {isa = PBXBuildFile; fileRef = 913384242105C48B00E20BC2 /* Main.storyboard */; };
		913384282105C48C00E20BC2 /* Assets.xcassets in Resources */ = {isa = PBXBuildFile; fileRef = 913384272105C48C00E20BC2 /* Assets.xcassets */; };
		9133842B2105C48C00E20BC2 /* LaunchScreen.storyboard in Resources */ = {isa = PBXBuildFile; fileRef = 913384292105C48C00E20BC2 /* LaunchScreen.storyboard */; };
		9133843B2105D71400E20BC2 /* Alamofire.framework in Frameworks */ = {isa = PBXBuildFile; fileRef = 9133843A2105D71400E20BC2 /* Alamofire.framework */; };
		9133843D2105DB6300E20BC2 /* PhotoListViewModel.swift in Sources */ = {isa = PBXBuildFile; fileRef = 9133843C2105DB6300E20BC2 /* PhotoListViewModel.swift */; };
		9133843F2105DB7000E20BC2 /* Photo.swift in Sources */ = {isa = PBXBuildFile; fileRef = 9133843E2105DB7000E20BC2 /* Photo.swift */; };
		913384442105E24000E20BC2 /* PhotoGridViewController.swift in Sources */ = {isa = PBXBuildFile; fileRef = 913384432105E24000E20BC2 /* PhotoGridViewController.swift */; };
		913384472105E2D300E20BC2 /* PhotoCollectionViewCell.swift in Sources */ = {isa = PBXBuildFile; fileRef = 913384452105E2D300E20BC2 /* PhotoCollectionViewCell.swift */; };
		913384482105E2D300E20BC2 /* PhotoCollectionViewCell.xib in Resources */ = {isa = PBXBuildFile; fileRef = 913384462105E2D300E20BC2 /* PhotoCollectionViewCell.xib */; };
		9133844B2105EC0D00E20BC2 /* AlamofireImage.framework in Frameworks */ = {isa = PBXBuildFile; fileRef = 9133844A2105EC0D00E20BC2 /* AlamofireImage.framework */; };
/* End PBXBuildFile section */

/* Begin PBXFileReference section */
		9133841D2105C48B00E20BC2 /* MCCTechTest.app */ = {isa = PBXFileReference; explicitFileType = wrapper.application; includeInIndex = 0; path = MCCTechTest.app; sourceTree = BUILT_PRODUCTS_DIR; };
		913384202105C48B00E20BC2 /* AppDelegate.swift */ = {isa = PBXFileReference; lastKnownFileType = sourcecode.swift; path = AppDelegate.swift; sourceTree = "<group>"; };
		913384222105C48B00E20BC2 /* ViewController.swift */ = {isa = PBXFileReference; lastKnownFileType = sourcecode.swift; path = ViewController.swift; sourceTree = "<group>"; };
		913384252105C48B00E20BC2 /* Base */ = {isa = PBXFileReference; lastKnownFileType = file.storyboard; name = Base; path = Base.lproj/Main.storyboard; sourceTree = "<group>"; };
		913384272105C48C00E20BC2 /* Assets.xcassets */ = {isa = PBXFileReference; lastKnownFileType = folder.assetcatalog; path = Assets.xcassets; sourceTree = "<group>"; };
		9133842A2105C48C00E20BC2 /* Base */ = {isa = PBXFileReference; lastKnownFileType = file.storyboard; name = Base; path = Base.lproj/LaunchScreen.storyboard; sourceTree = "<group>"; };
		9133842C2105C48C00E20BC2 /* Info.plist */ = {isa = PBXFileReference; lastKnownFileType = text.plist.xml; path = Info.plist; sourceTree = "<group>"; };
		9133843A2105D71400E20BC2 /* Alamofire.framework */ = {isa = PBXFileReference; lastKnownFileType = wrapper.framework; name = Alamofire.framework; path = Carthage/Build/iOS/Alamofire.framework; sourceTree = "<group>"; };
		9133843C2105DB6300E20BC2 /* PhotoListViewModel.swift */ = {isa = PBXFileReference; lastKnownFileType = sourcecode.swift; path = PhotoListViewModel.swift; sourceTree = "<group>"; };
		9133843E2105DB7000E20BC2 /* Photo.swift */ = {isa = PBXFileReference; lastKnownFileType = sourcecode.swift; path = Photo.swift; sourceTree = "<group>"; };
		913384432105E24000E20BC2 /* PhotoGridViewController.swift */ = {isa = PBXFileReference; lastKnownFileType = sourcecode.swift; path = PhotoGridViewController.swift; sourceTree = "<group>"; };
		913384452105E2D300E20BC2 /* PhotoCollectionViewCell.swift */ = {isa = PBXFileReference; lastKnownFileType = sourcecode.swift; path = PhotoCollectionViewCell.swift; sourceTree = "<group>"; };
		913384462105E2D300E20BC2 /* PhotoCollectionViewCell.xib */ = {isa = PBXFileReference; lastKnownFileType = file.xib; path = PhotoCollectionViewCell.xib; sourceTree = "<group>"; };
		9133844A2105EC0D00E20BC2 /* AlamofireImage.framework */ = {isa = PBXFileReference; lastKnownFileType = wrapper.framework; name = AlamofireImage.framework; path = Carthage/Build/iOS/AlamofireImage.framework; sourceTree = "<group>"; };
/* End PBXFileReference section */

/* Begin PBXFrameworksBuildPhase section */
		9133841A2105C48B00E20BC2 /* Frameworks */ = {
			isa = PBXFrameworksBuildPhase;
			buildActionMask = 2147483647;
			files = (
				9133843B2105D71400E20BC2 /* Alamofire.framework in Frameworks */,
				9133844B2105EC0D00E20BC2 /* AlamofireImage.framework in Frameworks */,
			);
			runOnlyForDeploymentPostprocessing = 0;
		};
/* End PBXFrameworksBuildPhase section */

/* Begin PBXGroup section */
		913384142105C48B00E20BC2 = {
			isa = PBXGroup;
			children = (
				9133841F2105C48B00E20BC2 /* MCCTechTest */,
				9133841E2105C48B00E20BC2 /* Products */,
				913384392105D71400E20BC2 /* Frameworks */,
			);
			sourceTree = "<group>";
		};
		9133841E2105C48B00E20BC2 /* Products */ = {
			isa = PBXGroup;
			children = (
				9133841D2105C48B00E20BC2 /* MCCTechTest.app */,
			);
			name = Products;
			sourceTree = "<group>";
		};
		9133841F2105C48B00E20BC2 /* MCCTechTest */ = {
			isa = PBXGroup;
			children = (
				913384202105C48B00E20BC2 /* AppDelegate.swift */,
				913384492105E2DB00E20BC2 /* View */,
				913384422105DB8800E20BC2 /* Controller */,
				913384412105DB7E00E20BC2 /* Model */,
				913384402105DB7600E20BC2 /* ViewModel */,
				913384242105C48B00E20BC2 /* Main.storyboard */,
				913384272105C48C00E20BC2 /* Assets.xcassets */,
				913384292105C48C00E20BC2 /* LaunchScreen.storyboard */,
				9133842C2105C48C00E20BC2 /* Info.plist */,
			);
			path = MCCTechTest;
			sourceTree = "<group>";
		};
		913384392105D71400E20BC2 /* Frameworks */ = {
			isa = PBXGroup;
			children = (
				9133844A2105EC0D00E20BC2 /* AlamofireImage.framework */,
				9133843A2105D71400E20BC2 /* Alamofire.framework */,
			);
			name = Frameworks;
			sourceTree = "<group>";
		};
		913384402105DB7600E20BC2 /* ViewModel */ = {
			isa = PBXGroup;
			children = (
				9133843C2105DB6300E20BC2 /* PhotoListViewModel.swift */,
			);
			path = ViewModel;
			sourceTree = "<group>";
		};
		913384412105DB7E00E20BC2 /* Model */ = {
			isa = PBXGroup;
			children = (
				9133843E2105DB7000E20BC2 /* Photo.swift */,
			);
			path = Model;
			sourceTree = "<group>";
		};
		913384422105DB8800E20BC2 /* Controller */ = {
			isa = PBXGroup;
			children = (
				913384222105C48B00E20BC2 /* ViewController.swift */,
				913384432105E24000E20BC2 /* PhotoGridViewController.swift */,
			);
			path = Controller;
			sourceTree = "<group>";
		};
		913384492105E2DB00E20BC2 /* View */ = {
			isa = PBXGroup;
			children = (
				913384452105E2D300E20BC2 /* PhotoCollectionViewCell.swift */,
				913384462105E2D300E20BC2 /* PhotoCollectionViewCell.xib */,
			);
			path = View;
			sourceTree = "<group>";
		};
/* End PBXGroup section */

/* Begin PBXNativeTarget section */
		9133841C2105C48B00E20BC2 /* MCCTechTest */ = {
			isa = PBXNativeTarget;
			buildConfigurationList = 9133842F2105C48C00E20BC2 /* Build configuration list for PBXNativeTarget "MCCTechTest" */;
			buildPhases = (
				913384192105C48B00E20BC2 /* Sources */,
				9133841A2105C48B00E20BC2 /* Frameworks */,
				9133841B2105C48B00E20BC2 /* Resources */,
				913384382105D6EE00E20BC2 /* Run Script */,
			);
			buildRules = (
			);
			dependencies = (
			);
			name = MCCTechTest;
			productName = MCCTechTest;
			productReference = 9133841D2105C48B00E20BC2 /* MCCTechTest.app */;
			productType = "com.apple.product-type.application";
		};
/* End PBXNativeTarget section */

/* Begin PBXProject section */
		913384152105C48B00E20BC2 /* Project object */ = {
			isa = PBXProject;
			attributes = {
				LastSwiftUpdateCheck = 0930;
				LastUpgradeCheck = 0930;
				ORGANIZATIONNAME = MCC;
				TargetAttributes = {
					9133841C2105C48B00E20BC2 = {
						CreatedOnToolsVersion = 9.3;
					};
				};
			};
			buildConfigurationList = 913384182105C48B00E20BC2 /* Build configuration list for PBXProject "MCCTechTest" */;
			compatibilityVersion = "Xcode 9.3";
			developmentRegion = en;
			hasScannedForEncodings = 0;
			knownRegions = (
				en,
				Base,
			);
			mainGroup = 913384142105C48B00E20BC2;
			productRefGroup = 9133841E2105C48B00E20BC2 /* Products */;
			projectDirPath = "";
			projectRoot = "";
			targets = (
				9133841C2105C48B00E20BC2 /* MCCTechTest */,
			);
		};
/* End PBXProject section */

/* Begin PBXResourcesBuildPhase section */
		9133841B2105C48B00E20BC2 /* Resources */ = {
			isa = PBXResourcesBuildPhase;
			buildActionMask = 2147483647;
			files = (
				9133842B2105C48C00E20BC2 /* LaunchScreen.storyboard in Resources */,
				913384482105E2D300E20BC2 /* PhotoCollectionViewCell.xib in Resources */,
				913384282105C48C00E20BC2 /* Assets.xcassets in Resources */,
				913384262105C48B00E20BC2 /* Main.storyboard in Resources */,
			);
			runOnlyForDeploymentPostprocessing = 0;
		};
/* End PBXResourcesBuildPhase section */

/* Begin PBXShellScriptBuildPhase section */
		913384382105D6EE00E20BC2 /* Run Script */ = {
			isa = PBXShellScriptBuildPhase;
			buildActionMask = 2147483647;
			files = (
			);
			inputPaths = (
				"$(SRCROOT)/Carthage/Build/iOS/Alamofire.framework",
				"$(SRCROOT)/Carthage/Build/iOS/AlamofireImage.framework",
			);
			name = "Run Script";
			outputPaths = (
			);
			runOnlyForDeploymentPostprocessing = 0;
			shellPath = /bin/sh;
			shellScript = "/usr/local/bin/carthage copy-frameworks\n";
		};
/* End PBXShellScriptBuildPhase section */

/* Begin PBXSourcesBuildPhase section */
		913384192105C48B00E20BC2 /* Sources */ = {
			isa = PBXSourcesBuildPhase;
			buildActionMask = 2147483647;
			files = (
				913384442105E24000E20BC2 /* PhotoGridViewController.swift in Sources */,
				9133843F2105DB7000E20BC2 /* Photo.swift in Sources */,
				913384232105C48B00E20BC2 /* ViewController.swift in Sources */,
				9133843D2105DB6300E20BC2 /* PhotoListViewModel.swift in Sources */,
				913384212105C48B00E20BC2 /* AppDelegate.swift in Sources */,
				913384472105E2D300E20BC2 /* PhotoCollectionViewCell.swift in Sources */,
			);
			runOnlyForDeploymentPostprocessing = 0;
		};
/* End PBXSourcesBuildPhase section */

/* Begin PBXVariantGroup section */
		913384242105C48B00E20BC2 /* Main.storyboard */ = {
			isa = PBXVariantGroup;
			children = (
				913384252105C48B00E20BC2 /* Base */,
			);
			name = Main.storyboard;
			sourceTree = "<group>";
		};
		913384292105C48C00E20BC2 /* LaunchScreen.storyboard */ = {
			isa = PBXVariantGroup;
			children = (
				9133842A2105C48C00E20BC2 /* Base */,
			);
			name = LaunchScreen.storyboard;
			sourceTree = "<group>";
		};
/* End PBXVariantGroup section */

/* Begin XCBuildConfiguration section */
		9133842D2105C48C00E20BC2 /* Debug */ = {
			isa = XCBuildConfiguration;
			buildSettings = {
				ALWAYS_SEARCH_USER_PATHS = NO;
				CLANG_ANALYZER_NONNULL = YES;
				CLANG_ANALYZER_NUMBER_OBJECT_CONVERSION = YES_AGGRESSIVE;
				CLANG_CXX_LANGUAGE_STANDARD = "gnu++14";
				CLANG_CXX_LIBRARY = "libc++";
				CLANG_ENABLE_MODULES = YES;
				CLANG_ENABLE_OBJC_ARC = YES;
				CLANG_ENABLE_OBJC_WEAK = YES;
				CLANG_WARN_BLOCK_CAPTURE_AUTORELEASING = YES;
				CLANG_WARN_BOOL_CONVERSION = YES;
				CLANG_WARN_COMMA = YES;
				CLANG_WARN_CONSTANT_CONVERSION = YES;
				CLANG_WARN_DEPRECATED_OBJC_IMPLEMENTATIONS = YES;
				CLANG_WARN_DIRECT_OBJC_ISA_USAGE = YES_ERROR;
				CLANG_WARN_DOCUMENTATION_COMMENTS = YES;
				CLANG_WARN_EMPTY_BODY = YES;
				CLANG_WARN_ENUM_CONVERSION = YES;
				CLANG_WARN_INFINITE_RECURSION = YES;
				CLANG_WARN_INT_CONVERSION = YES;
				CLANG_WARN_NON_LITERAL_NULL_CONVERSION = YES;
				CLANG_WARN_OBJC_IMPLICIT_RETAIN_SELF = YES;
				CLANG_WARN_OBJC_LITERAL_CONVERSION = YES;
				CLANG_WARN_OBJC_ROOT_CLASS = YES_ERROR;
				CLANG_WARN_RANGE_LOOP_ANALYSIS = YES;
				CLANG_WARN_STRICT_PROTOTYPES = YES;
				CLANG_WARN_SUSPICIOUS_MOVE = YES;
				CLANG_WARN_UNGUARDED_AVAILABILITY = YES_AGGRESSIVE;
				CLANG_WARN_UNREACHABLE_CODE = YES;
				CLANG_WARN__DUPLICATE_METHOD_MATCH = YES;
				CODE_SIGN_IDENTITY = "iPhone Developer";
				COPY_PHASE_STRIP = NO;
				DEBUG_INFORMATION_FORMAT = dwarf;
				ENABLE_STRICT_OBJC_MSGSEND = YES;
				ENABLE_TESTABILITY = YES;
				GCC_C_LANGUAGE_STANDARD = gnu11;
				GCC_DYNAMIC_NO_PIC = NO;
				GCC_NO_COMMON_BLOCKS = YES;
				GCC_OPTIMIZATION_LEVEL = 0;
				GCC_PREPROCESSOR_DEFINITIONS = (
					"DEBUG=1",
					"$(inherited)",
				);
				GCC_WARN_64_TO_32_BIT_CONVERSION = YES;
				GCC_WARN_ABOUT_RETURN_TYPE = YES_ERROR;
				GCC_WARN_UNDECLARED_SELECTOR = YES;
				GCC_WARN_UNINITIALIZED_AUTOS = YES_AGGRESSIVE;
				GCC_WARN_UNUSED_FUNCTION = YES;
				GCC_WARN_UNUSED_VARIABLE = YES;
				IPHONEOS_DEPLOYMENT_TARGET = 11.3;
				MTL_ENABLE_DEBUG_INFO = YES;
				ONLY_ACTIVE_ARCH = YES;
				SDKROOT = iphoneos;
				SWIFT_ACTIVE_COMPILATION_CONDITIONS = DEBUG;
				SWIFT_OPTIMIZATION_LEVEL = "-Onone";
			};
			name = Debug;
		};
		9133842E2105C48C00E20BC2 /* Release */ = {
			isa = XCBuildConfiguration;
			buildSettings = {
				ALWAYS_SEARCH_USER_PATHS = NO;
				CLANG_ANALYZER_NONNULL = YES;
				CLANG_ANALYZER_NUMBER_OBJECT_CONVERSION = YES_AGGRESSIVE;
				CLANG_CXX_LANGUAGE_STANDARD = "gnu++14";
				CLANG_CXX_LIBRARY = "libc++";
				CLANG_ENABLE_MODULES = YES;
				CLANG_ENABLE_OBJC_ARC = YES;
				CLANG_ENABLE_OBJC_WEAK = YES;
				CLANG_WARN_BLOCK_CAPTURE_AUTORELEASING = YES;
				CLANG_WARN_BOOL_CONVERSION = YES;
				CLANG_WARN_COMMA = YES;
				CLANG_WARN_CONSTANT_CONVERSION = YES;
				CLANG_WARN_DEPRECATED_OBJC_IMPLEMENTATIONS = YES;
				CLANG_WARN_DIRECT_OBJC_ISA_USAGE = YES_ERROR;
				CLANG_WARN_DOCUMENTATION_COMMENTS = YES;
				CLANG_WARN_EMPTY_BODY = YES;
				CLANG_WARN_ENUM_CONVERSION = YES;
				CLANG_WARN_INFINITE_RECURSION = YES;
				CLANG_WARN_INT_CONVERSION = YES;
				CLANG_WARN_NON_LITERAL_NULL_CONVERSION = YES;
				CLANG_WARN_OBJC_IMPLICIT_RETAIN_SELF = YES;
				CLANG_WARN_OBJC_LITERAL_CONVERSION = YES;
				CLANG_WARN_OBJC_ROOT_CLASS = YES_ERROR;
				CLANG_WARN_RANGE_LOOP_ANALYSIS = YES;
				CLANG_WARN_STRICT_PROTOTYPES = YES;
				CLANG_WARN_SUSPICIOUS_MOVE = YES;
				CLANG_WARN_UNGUARDED_AVAILABILITY = YES_AGGRESSIVE;
				CLANG_WARN_UNREACHABLE_CODE = YES;
				CLANG_WARN__DUPLICATE_METHOD_MATCH = YES;
				CODE_SIGN_IDENTITY = "iPhone Developer";
				COPY_PHASE_STRIP = NO;
				DEBUG_INFORMATION_FORMAT = "dwarf-with-dsym";
				ENABLE_NS_ASSERTIONS = NO;
				ENABLE_STRICT_OBJC_MSGSEND = YES;
				GCC_C_LANGUAGE_STANDARD = gnu11;
				GCC_NO_COMMON_BLOCKS = YES;
				GCC_WARN_64_TO_32_BIT_CONVERSION = YES;
				GCC_WARN_ABOUT_RETURN_TYPE = YES_ERROR;
				GCC_WARN_UNDECLARED_SELECTOR = YES;
				GCC_WARN_UNINITIALIZED_AUTOS = YES_AGGRESSIVE;
				GCC_WARN_UNUSED_FUNCTION = YES;
				GCC_WARN_UNUSED_VARIABLE = YES;
				IPHONEOS_DEPLOYMENT_TARGET = 11.3;
				MTL_ENABLE_DEBUG_INFO = NO;
				SDKROOT = iphoneos;
				SWIFT_COMPILATION_MODE = wholemodule;
				SWIFT_OPTIMIZATION_LEVEL = "-O";
				VALIDATE_PRODUCT = YES;
			};
			name = Release;
		};
		913384302105C48C00E20BC2 /* Debug */ = {
			isa = XCBuildConfiguration;
			buildSettings = {
				ASSETCATALOG_COMPILER_APPICON_NAME = AppIcon;
				CODE_SIGN_STYLE = Automatic;
				FRAMEWORK_SEARCH_PATHS = (
					"$(inherited)",
					"$(PROJECT_DIR)/Carthage/Build/iOS",
				);
				INFOPLIST_FILE = MCCTechTest/Info.plist;
				LD_RUNPATH_SEARCH_PATHS = (
					"$(inherited)",
					"@executable_path/Frameworks",
				);
				PRODUCT_BUNDLE_IDENTIFIER = com.mcc.MCCTechTest;
				PRODUCT_NAME = "$(TARGET_NAME)";
				SWIFT_VERSION = 4.0;
				TARGETED_DEVICE_FAMILY = "1,2";
			};
			name = Debug;
		};
		913384312105C48C00E20BC2 /* Release */ = {
			isa = XCBuildConfiguration;
			buildSettings = {
				ASSETCATALOG_COMPILER_APPICON_NAME = AppIcon;
				CODE_SIGN_STYLE = Automatic;
				FRAMEWORK_SEARCH_PATHS = (
					"$(inherited)",
					"$(PROJECT_DIR)/Carthage/Build/iOS",
				);
				INFOPLIST_FILE = MCCTechTest/Info.plist;
				LD_RUNPATH_SEARCH_PATHS = (
					"$(inherited)",
					"@executable_path/Frameworks",
				);
				PRODUCT_BUNDLE_IDENTIFIER = com.mcc.MCCTechTest;
				PRODUCT_NAME = "$(TARGET_NAME)";
				SWIFT_VERSION = 4.0;
				TARGETED_DEVICE_FAMILY = "1,2";
			};
			name = Release;
		};
/* End XCBuildConfiguration section */

/* Begin XCConfigurationList section */
		913384182105C48B00E20BC2 /* Build configuration list for PBXProject "MCCTechTest" */ = {
			isa = XCConfigurationList;
			buildConfigurations = (
				9133842D2105C48C00E20BC2 /* Debug */,
				9133842E2105C48C00E20BC2 /* Release */,
			);
			defaultConfigurationIsVisible = 0;
			defaultConfigurationName = Release;
		};
		9133842F2105C48C00E20BC2 /* Build configuration list for PBXNativeTarget "MCCTechTest" */ = {
			isa = XCConfigurationList;
			buildConfigurations = (
				913384302105C48C00E20BC2 /* Debug */,
				913384312105C48C00E20BC2 /* Release */,
			);
			defaultConfigurationIsVisible = 0;
			defaultConfigurationName = Release;
		};
/* End XCConfigurationList section */
	};
	rootObject = 913384152105C48B00E20BC2 /* Project object */;
}
